version = 1
revision = 3
requires-python = ">=3.12, <3.14"

[[package]]
name = "asgiref"
version = "3.9.1"
source = { registry = "https://pypi.org/simple" }
sdist = { url = "https://files.pythonhosted.org/packages/90/61/0aa957eec22ff70b830b22ff91f825e70e1ef732c06666a805730f28b36b/asgiref-3.9.1.tar.gz", hash = "sha256:a5ab6582236218e5ef1648f242fd9f10626cfd4de8dc377db215d5d5098e3142", size = 36870, upload-time = "2025-07-08T09:07:43.344Z" }
wheels = [
    { url = "https://files.pythonhosted.org/packages/7c/3c/0464dcada90d5da0e71018c04a140ad6349558afb30b3051b4264cc5b965/asgiref-3.9.1-py3-none-any.whl", hash = "sha256:f3bba7092a48005b5f5bacd747d36ee4a5a61f4a269a6df590b43144355ebd2c", size = 23790, upload-time = "2025-07-08T09:07:41.548Z" },
]

[[package]]
name = "cachetools"
version = "6.1.0"
source = { registry = "https://pypi.org/simple" }
sdist = { url = "https://files.pythonhosted.org/packages/8a/89/817ad5d0411f136c484d535952aef74af9b25e0d99e90cdffbe121e6d628/cachetools-6.1.0.tar.gz", hash = "sha256:b4c4f404392848db3ce7aac34950d17be4d864da4b8b66911008e430bc544587", size = 30714, upload-time = "2025-06-16T18:51:03.07Z" }
wheels = [
    { url = "https://files.pythonhosted.org/packages/00/f0/2ef431fe4141f5e334759d73e81120492b23b2824336883a91ac04ba710b/cachetools-6.1.0-py3-none-any.whl", hash = "sha256:1c7bb3cf9193deaf3508b7c5f2a79986c13ea38965c5adcff1f84519cf39163e", size = 11189, upload-time = "2025-06-16T18:51:01.514Z" },
]

[[package]]
name = "chardet"
version = "5.2.0"
source = { registry = "https://pypi.org/simple" }
sdist = { url = "https://files.pythonhosted.org/packages/f3/0d/f7b6ab21ec75897ed80c17d79b15951a719226b9fababf1e40ea74d69079/chardet-5.2.0.tar.gz", hash = "sha256:1b3b6ff479a8c414bc3fa2c0852995695c4a026dcd6d0633b2dd092ca39c1cf7", size = 2069618, upload-time = "2023-08-01T19:23:02.662Z" }
wheels = [
    { url = "https://files.pythonhosted.org/packages/38/6f/f5fbc992a329ee4e0f288c1fe0e2ad9485ed064cac731ed2fe47dcc38cbf/chardet-5.2.0-py3-none-any.whl", hash = "sha256:e1cf59446890a00105fe7b7912492ea04b6e6f06d4b742b2c788469e34c82970", size = 199385, upload-time = "2023-08-01T19:23:00.661Z" },
]

[[package]]
name = "colorama"
version = "0.4.6"
source = { registry = "https://pypi.org/simple" }
sdist = { url = "https://files.pythonhosted.org/packages/d8/53/6f443c9a4a8358a93a6792e2acffb9d9d5cb0a5cfd8802644b7b1c9a02e4/colorama-0.4.6.tar.gz", hash = "sha256:08695f5cb7ed6e0531a20572697297273c47b8cae5a63ffc6d6ed5c201be6e44", size = 27697, upload-time = "2022-10-25T02:36:22.414Z" }
wheels = [
    { url = "https://files.pythonhosted.org/packages/d1/d6/3965ed04c63042e047cb6a3e6ed1a63a35087b6a609aa3a15ed8ac56c221/colorama-0.4.6-py2.py3-none-any.whl", hash = "sha256:4f1d9991f5acc0ca119f9d443620b77f9d6b33703e51011c16baf57afb285fc6", size = 25335, upload-time = "2022-10-25T02:36:20.889Z" },
]

[[package]]
name = "coverage"
version = "7.10.2"
source = { registry = "https://pypi.org/simple" }
sdist = { url = "https://files.pythonhosted.org/packages/ee/76/17780846fc7aade1e66712e1e27dd28faa0a5d987a1f433610974959eaa8/coverage-7.10.2.tar.gz", hash = "sha256:5d6e6d84e6dd31a8ded64759626627247d676a23c1b892e1326f7c55c8d61055", size = 820754, upload-time = "2025-08-04T00:35:17.511Z" }
wheels = [
    { url = "https://files.pythonhosted.org/packages/4e/1e/2c752bdbbf6f1199c59b1a10557fbb6fb3dc96b3c0077b30bd41a5922c1f/coverage-7.10.2-cp312-cp312-macosx_10_13_x86_64.whl", hash = "sha256:890ad3a26da9ec7bf69255b9371800e2a8da9bc223ae5d86daeb940b42247c83", size = 215311, upload-time = "2025-08-04T00:33:35.524Z" },
    { url = "https://files.pythonhosted.org/packages/68/6a/84277d73a2cafb96e24be81b7169372ba7ff28768ebbf98e55c85a491b0f/coverage-7.10.2-cp312-cp312-macosx_11_0_arm64.whl", hash = "sha256:38fd1ccfca7838c031d7a7874d4353e2f1b98eb5d2a80a2fe5732d542ae25e9c", size = 215550, upload-time = "2025-08-04T00:33:37.109Z" },
    { url = "https://files.pythonhosted.org/packages/b5/e7/5358b73b46ac76f56cc2de921eeabd44fabd0b7ff82ea4f6b8c159c4d5dc/coverage-7.10.2-cp312-cp312-manylinux1_i686.manylinux_2_28_i686.manylinux_2_5_i686.whl", hash = "sha256:76c1ffaaf4f6f0f6e8e9ca06f24bb6454a7a5d4ced97a1bc466f0d6baf4bd518", size = 246564, upload-time = "2025-08-04T00:33:38.33Z" },
    { url = "https://files.pythonhosted.org/packages/7c/0e/b0c901dd411cb7fc0cfcb28ef0dc6f3049030f616bfe9fc4143aecd95901/coverage-7.10.2-cp312-cp312-manylinux1_x86_64.manylinux_2_28_x86_64.manylinux_2_5_x86_64.whl", hash = "sha256:86da8a3a84b79ead5c7d0e960c34f580bc3b231bb546627773a3f53c532c2f21", size = 248993, upload-time = "2025-08-04T00:33:39.555Z" },
    { url = "https://files.pythonhosted.org/packages/0e/4e/a876db272072a9e0df93f311e187ccdd5f39a190c6d1c1f0b6e255a0d08e/coverage-7.10.2-cp312-cp312-manylinux2014_aarch64.manylinux_2_17_aarch64.manylinux_2_28_aarch64.whl", hash = "sha256:99cef9731c8a39801830a604cc53c93c9e57ea8b44953d26589499eded9576e0", size = 250454, upload-time = "2025-08-04T00:33:41.023Z" },
    { url = "https://files.pythonhosted.org/packages/64/d6/1222dc69f8dd1be208d55708a9f4a450ad582bf4fa05320617fea1eaa6d8/coverage-7.10.2-cp312-cp312-musllinux_1_2_aarch64.whl", hash = "sha256:ea58b112f2966a8b91eb13f5d3b1f8bb43c180d624cd3283fb33b1cedcc2dd75", size = 248365, upload-time = "2025-08-04T00:33:42.376Z" },
    { url = "https://files.pythonhosted.org/packages/62/e3/40fd71151064fc315c922dd9a35e15b30616f00146db1d6a0b590553a75a/coverage-7.10.2-cp312-cp312-musllinux_1_2_i686.whl", hash = "sha256:20f405188d28da9522b7232e51154e1b884fc18d0b3a10f382d54784715bbe01", size = 246562, upload-time = "2025-08-04T00:33:43.663Z" },
    { url = "https://files.pythonhosted.org/packages/fc/14/8aa93ddcd6623ddaef5d8966268ac9545b145bce4fe7b1738fd1c3f0d957/coverage-7.10.2-cp312-cp312-musllinux_1_2_x86_64.whl", hash = "sha256:64586ce42bbe0da4d9f76f97235c545d1abb9b25985a8791857690f96e23dc3b", size = 247772, upload-time = "2025-08-04T00:33:45.068Z" },
    { url = "https://files.pythonhosted.org/packages/07/4e/dcb1c01490623c61e2f2ea85cb185fa6a524265bb70eeb897d3c193efeb9/coverage-7.10.2-cp312-cp312-win32.whl", hash = "sha256:bc2e69b795d97ee6d126e7e22e78a509438b46be6ff44f4dccbb5230f550d340", size = 217710, upload-time = "2025-08-04T00:33:46.378Z" },
    { url = "https://files.pythonhosted.org/packages/79/16/e8aab4162b5f80ad2e5e1f54b1826e2053aa2f4db508b864af647f00c239/coverage-7.10.2-cp312-cp312-win_amd64.whl", hash = "sha256:adda2268b8cf0d11f160fad3743b4dfe9813cd6ecf02c1d6397eceaa5b45b388", size = 218499, upload-time = "2025-08-04T00:33:48.048Z" },
    { url = "https://files.pythonhosted.org/packages/06/7f/c112ec766e8f1131ce8ce26254be028772757b2d1e63e4f6a4b0ad9a526c/coverage-7.10.2-cp312-cp312-win_arm64.whl", hash = "sha256:164429decd0d6b39a0582eaa30c67bf482612c0330572343042d0ed9e7f15c20", size = 217154, upload-time = "2025-08-04T00:33:49.299Z" },
    { url = "https://files.pythonhosted.org/packages/8d/04/9b7a741557f93c0ed791b854d27aa8d9fe0b0ce7bb7c52ca1b0f2619cb74/coverage-7.10.2-cp313-cp313-macosx_10_13_x86_64.whl", hash = "sha256:aca7b5645afa688de6d4f8e89d30c577f62956fefb1bad021490d63173874186", size = 215337, upload-time = "2025-08-04T00:33:50.61Z" },
    { url = "https://files.pythonhosted.org/packages/02/a4/8d1088cd644750c94bc305d3cf56082b4cdf7fb854a25abb23359e74892f/coverage-7.10.2-cp313-cp313-macosx_11_0_arm64.whl", hash = "sha256:96e5921342574a14303dfdb73de0019e1ac041c863743c8fe1aa6c2b4a257226", size = 215596, upload-time = "2025-08-04T00:33:52.33Z" },
    { url = "https://files.pythonhosted.org/packages/01/2f/643a8d73343f70e162d8177a3972b76e306b96239026bc0c12cfde4f7c7a/coverage-7.10.2-cp313-cp313-manylinux1_i686.manylinux_2_28_i686.manylinux_2_5_i686.whl", hash = "sha256:11333094c1bff621aa811b67ed794865cbcaa99984dedea4bd9cf780ad64ecba", size = 246145, upload-time = "2025-08-04T00:33:53.641Z" },
    { url = "https://files.pythonhosted.org/packages/1f/4a/722098d1848db4072cda71b69ede1e55730d9063bf868375264d0d302bc9/coverage-7.10.2-cp313-cp313-manylinux1_x86_64.manylinux_2_28_x86_64.manylinux_2_5_x86_64.whl", hash = "sha256:6eb586fa7d2aee8d65d5ae1dd71414020b2f447435c57ee8de8abea0a77d5074", size = 248492, upload-time = "2025-08-04T00:33:55.366Z" },
    { url = "https://files.pythonhosted.org/packages/3f/b0/8a6d7f326f6e3e6ed398cde27f9055e860a1e858317001835c521673fb60/coverage-7.10.2-cp313-cp313-manylinux2014_aarch64.manylinux_2_17_aarch64.manylinux_2_28_aarch64.whl", hash = "sha256:2d358f259d8019d4ef25d8c5b78aca4c7af25e28bd4231312911c22a0e824a57", size = 249927, upload-time = "2025-08-04T00:33:57.042Z" },
    { url = "https://files.pythonhosted.org/packages/bb/21/1aaadd3197b54d1e61794475379ecd0f68d8fc5c2ebd352964dc6f698a3d/coverage-7.10.2-cp313-cp313-musllinux_1_2_aarch64.whl", hash = "sha256:5250bda76e30382e0a2dcd68d961afcab92c3a7613606e6269855c6979a1b0bb", size = 248138, upload-time = "2025-08-04T00:33:58.329Z" },
    { url = "https://files.pythonhosted.org/packages/48/65/be75bafb2bdd22fd8bf9bf63cd5873b91bb26ec0d68f02d4b8b09c02decb/coverage-7.10.2-cp313-cp313-musllinux_1_2_i686.whl", hash = "sha256:a91e027d66eff214d88d9afbe528e21c9ef1ecdf4956c46e366c50f3094696d0", size = 246111, upload-time = "2025-08-04T00:33:59.899Z" },
    { url = "https://files.pythonhosted.org/packages/5e/30/a4f0c5e249c3cc60e6c6f30d8368e372f2d380eda40e0434c192ac27ccf5/coverage-7.10.2-cp313-cp313-musllinux_1_2_x86_64.whl", hash = "sha256:228946da741558904e2c03ce870ba5efd9cd6e48cbc004d9a27abee08100a15a", size = 247493, upload-time = "2025-08-04T00:34:01.619Z" },
    { url = "https://files.pythonhosted.org/packages/85/99/f09b9493e44a75cf99ca834394c12f8cb70da6c1711ee296534f97b52729/coverage-7.10.2-cp313-cp313-win32.whl", hash = "sha256:95e23987b52d02e7c413bf2d6dc6288bd5721beb518052109a13bfdc62c8033b", size = 217756, upload-time = "2025-08-04T00:34:03.277Z" },
    { url = "https://files.pythonhosted.org/packages/2d/bb/cbcb09103be330c7d26ff0ab05c4a8861dd2e254656fdbd3eb7600af4336/coverage-7.10.2-cp313-cp313-win_amd64.whl", hash = "sha256:f35481d42c6d146d48ec92d4e239c23f97b53a3f1fbd2302e7c64336f28641fe", size = 218526, upload-time = "2025-08-04T00:34:04.635Z" },
    { url = "https://files.pythonhosted.org/packages/37/8f/8bfb4e0bca52c00ab680767c0dd8cfd928a2a72d69897d9b2d5d8b5f63f5/coverage-7.10.2-cp313-cp313-win_arm64.whl", hash = "sha256:65b451949cb789c346f9f9002441fc934d8ccedcc9ec09daabc2139ad13853f7", size = 217176, upload-time = "2025-08-04T00:34:05.973Z" },
    { url = "https://files.pythonhosted.org/packages/1e/25/d458ba0bf16a8204a88d74dbb7ec5520f29937ffcbbc12371f931c11efd2/coverage-7.10.2-cp313-cp313t-macosx_10_13_x86_64.whl", hash = "sha256:e8415918856a3e7d57a4e0ad94651b761317de459eb74d34cc1bb51aad80f07e", size = 216058, upload-time = "2025-08-04T00:34:07.368Z" },
    { url = "https://files.pythonhosted.org/packages/0b/1c/af4dfd2d7244dc7610fed6d59d57a23ea165681cd764445dc58d71ed01a6/coverage-7.10.2-cp313-cp313t-macosx_11_0_arm64.whl", hash = "sha256:f287a25a8ca53901c613498e4a40885b19361a2fe8fbfdbb7f8ef2cad2a23f03", size = 216273, upload-time = "2025-08-04T00:34:09.073Z" },
    { url = "https://files.pythonhosted.org/packages/8e/67/ec5095d4035c6e16368226fa9cb15f77f891194c7e3725aeefd08e7a3e5a/coverage-7.10.2-cp313-cp313t-manylinux1_i686.manylinux_2_28_i686.manylinux_2_5_i686.whl", hash = "sha256:75cc1a3f8c88c69bf16a871dab1fe5a7303fdb1e9f285f204b60f1ee539b8fc0", size = 257513, upload-time = "2025-08-04T00:34:10.403Z" },
    { url = "https://files.pythonhosted.org/packages/1c/47/be5550b57a3a8ba797de4236b0fd31031f88397b2afc84ab3c2d4cf265f6/coverage-7.10.2-cp313-cp313t-manylinux1_x86_64.manylinux_2_28_x86_64.manylinux_2_5_x86_64.whl", hash = "sha256:ca07fa78cc9d26bc8c4740de1abd3489cf9c47cc06d9a8ab3d552ff5101af4c0", size = 259377, upload-time = "2025-08-04T00:34:12.138Z" },
    { url = "https://files.pythonhosted.org/packages/37/50/b12a4da1382e672305c2d17cd3029dc16b8a0470de2191dbf26b91431378/coverage-7.10.2-cp313-cp313t-manylinux2014_aarch64.manylinux_2_17_aarch64.manylinux_2_28_aarch64.whl", hash = "sha256:c2e117e64c26300032755d4520cd769f2623cde1a1d1c3515b05a3b8add0ade1", size = 261516, upload-time = "2025-08-04T00:34:13.608Z" },
    { url = "https://files.pythonhosted.org/packages/db/41/4d3296dbd33dd8da178171540ca3391af7c0184c0870fd4d4574ac290290/coverage-7.10.2-cp313-cp313t-musllinux_1_2_aarch64.whl", hash = "sha256:daaf98009977f577b71f8800208f4d40d4dcf5c2db53d4d822787cdc198d76e1", size = 259110, upload-time = "2025-08-04T00:34:15.089Z" },
    { url = "https://files.pythonhosted.org/packages/ea/f1/b409959ecbc0cec0e61e65683b22bacaa4a3b11512f834e16dd8ffbc37db/coverage-7.10.2-cp313-cp313t-musllinux_1_2_i686.whl", hash = "sha256:ea8d8fe546c528535c761ba424410bbeb36ba8a0f24be653e94b70c93fd8a8ca", size = 257248, upload-time = "2025-08-04T00:34:16.501Z" },
    { url = "https://files.pythonhosted.org/packages/48/ab/7076dc1c240412e9267d36ec93e9e299d7659f6a5c1e958f87e998b0fb6d/coverage-7.10.2-cp313-cp313t-musllinux_1_2_x86_64.whl", hash = "sha256:fe024d40ac31eb8d5aae70215b41dafa264676caa4404ae155f77d2fa95c37bb", size = 258063, upload-time = "2025-08-04T00:34:18.338Z" },
    { url = "https://files.pythonhosted.org/packages/1e/77/f6b51a0288f8f5f7dcc7c89abdd22cf514f3bc5151284f5cd628917f8e10/coverage-7.10.2-cp313-cp313t-win32.whl", hash = "sha256:8f34b09f68bdadec122ffad312154eda965ade433559cc1eadd96cca3de5c824", size = 218433, upload-time = "2025-08-04T00:34:19.71Z" },
    { url = "https://files.pythonhosted.org/packages/7b/6d/547a86493e25270ce8481543e77f3a0aa3aa872c1374246b7b76273d66eb/coverage-7.10.2-cp313-cp313t-win_amd64.whl", hash = "sha256:71d40b3ac0f26fa9ffa6ee16219a714fed5c6ec197cdcd2018904ab5e75bcfa3", size = 219523, upload-time = "2025-08-04T00:34:21.171Z" },
    { url = "https://files.pythonhosted.org/packages/ff/d5/3c711e38eaf9ab587edc9bed232c0298aed84e751a9f54aaa556ceaf7da6/coverage-7.10.2-cp313-cp313t-win_arm64.whl", hash = "sha256:abb57fdd38bf6f7dcc66b38dafb7af7c5fdc31ac6029ce373a6f7f5331d6f60f", size = 217739, upload-time = "2025-08-04T00:34:22.514Z" },
    { url = "https://files.pythonhosted.org/packages/18/d8/9b768ac73a8ac2d10c080af23937212434a958c8d2a1c84e89b450237942/coverage-7.10.2-py3-none-any.whl", hash = "sha256:95db3750dd2e6e93d99fa2498f3a1580581e49c494bddccc6f85c5c21604921f", size = 206973, upload-time = "2025-08-04T00:35:15.918Z" },
]

[[package]]
name = "distlib"
version = "0.4.0"
source = { registry = "https://pypi.org/simple" }
sdist = { url = "https://files.pythonhosted.org/packages/96/8e/709914eb2b5749865801041647dc7f4e6d00b549cfe88b65ca192995f07c/distlib-0.4.0.tar.gz", hash = "sha256:feec40075be03a04501a973d81f633735b4b69f98b05450592310c0f401a4e0d", size = 614605, upload-time = "2025-07-17T16:52:00.465Z" }
wheels = [
    { url = "https://files.pythonhosted.org/packages/33/6b/e0547afaf41bf2c42e52430072fa5658766e3d65bd4b03a563d1b6336f57/distlib-0.4.0-py2.py3-none-any.whl", hash = "sha256:9659f7d87e46584a30b5780e43ac7a2143098441670ff0a49d5f9034c54a6c16", size = 469047, upload-time = "2025-07-17T16:51:58.613Z" },
]

[[package]]
name = "django"
version = "5.2.4"
source = { registry = "https://pypi.org/simple" }
dependencies = [
    { name = "asgiref" },
    { name = "sqlparse" },
    { name = "tzdata", marker = "sys_platform == 'win32'" },
]
sdist = { url = "https://files.pythonhosted.org/packages/9c/7e/034f0f9fb10c029a02daaf44d364d6bf2eced8c73f0d38c69da359d26b01/django-5.2.4.tar.gz", hash = "sha256:a1228c384f8fa13eebc015196db7b3e08722c5058d4758d20cb287503a540d8f", size = 10831909, upload-time = "2025-07-02T18:47:39.19Z" }
wheels = [
    { url = "https://files.pythonhosted.org/packages/14/ae/706965237a672434c8b520e89a818e8b047af94e9beb342d0bee405c26c7/django-5.2.4-py3-none-any.whl", hash = "sha256:60c35bd96201b10c6e7a78121bd0da51084733efa303cc19ead021ab179cef5e", size = 8302187, upload-time = "2025-07-02T18:47:35.373Z" },
]

[[package]]
name = "django-audit-fields"
version = "1.1.0"
source = { registry = "https://pypi.org/simple" }
sdist = { url = "https://files.pythonhosted.org/packages/3a/56/95c1fb408b87977dc81f3aac9ec8e0b1d45830eda5551d2ffc822186cf97/django_audit_fields-1.1.0.tar.gz", hash = "sha256:e01fc56ded65e8eefd45fb8d8584c8636f348d0858e197206c71b08c8892336e", size = 25925, upload-time = "2025-07-21T20:30:56.978Z" }
wheels = [
    { url = "https://files.pythonhosted.org/packages/fc/a0/78f089f75d153cf1104c2abc80b9b34415bc123a116da9c7440dd32766c9/django_audit_fields-1.1.0-py3-none-any.whl", hash = "sha256:972561a35db17c6e1b6327d99fe41d2f514a2d69cdd4a0264aca3cf11a71bdc2", size = 24108, upload-time = "2025-07-21T20:30:56.052Z" },
]

[[package]]
name = "django-crypto-fields"
version = "1.0.1"
source = { editable = "." }
dependencies = [
    { name = "django-audit-fields" },
    { name = "django-extensions" },
    { name = "django-revision" },
    { name = "edc-model-fields" },
    { name = "edc-utils" },
    { name = "pycryptodomex" },
]

[package.dev-dependencies]
test = [
    { name = "coverage" },
    { name = "edc-test-settings" },
    { name = "tox-uv" },
]

[package.metadata]
requires-dist = [
    { name = "django-audit-fields" },
    { name = "django-extensions" },
    { name = "django-revision" },
    { name = "edc-model-fields" },
    { name = "edc-utils" },
    { name = "pycryptodomex" },
]

[package.metadata.requires-dev]
test = [
    { name = "coverage", specifier = ">=7.10.1" },
    { name = "edc-test-settings" },
    { name = "tox-uv", specifier = ">=1.26.2" },
]

[[package]]
name = "django-extensions"
version = "4.1"
source = { registry = "https://pypi.org/simple" }
dependencies = [
    { name = "django" },
]
sdist = { url = "https://files.pythonhosted.org/packages/6d/b3/ed0f54ed706ec0b54fd251cc0364a249c6cd6c6ec97f04dc34be5e929eac/django_extensions-4.1.tar.gz", hash = "sha256:7b70a4d28e9b840f44694e3f7feb54f55d495f8b3fa6c5c0e5e12bcb2aa3cdeb", size = 283078, upload-time = "2025-04-11T01:15:39.617Z" }
wheels = [
    { url = "https://files.pythonhosted.org/packages/64/96/d967ca440d6a8e3861120f51985d8e5aec79b9a8bdda16041206adfe7adc/django_extensions-4.1-py3-none-any.whl", hash = "sha256:0699a7af28f2523bf8db309a80278519362cd4b6e1fd0a8cd4bf063e1e023336", size = 232980, upload-time = "2025-04-11T01:15:37.701Z" },
]

[[package]]
name = "django-revision"
version = "1.0.0"
source = { registry = "https://pypi.org/simple" }
dependencies = [
    { name = "gitpython" },
]
sdist = { url = "https://files.pythonhosted.org/packages/cb/f9/99ea27172c458ac6f997c5d39482b2ec7b07cdde02239d10df996fec5257/django_revision-1.0.0.tar.gz", hash = "sha256:d57f316cdd10404881fa68fa3be5025d6dd0954f202dce60f4372e548a19bd46", size = 18847, upload-time = "2025-07-21T12:56:22.17Z" }
wheels = [
    { url = "https://files.pythonhosted.org/packages/fc/0e/75567b9ae1039af36d20f1c8706c44912182a0fa7845ee234fa22fbb57e1/django_revision-1.0.0-py3-none-any.whl", hash = "sha256:b0786777b424209ee4334116785dc2eda0706cb12e361f83cf656a34757655dc", size = 16974, upload-time = "2025-07-21T12:56:21.296Z" },
]

[[package]]
name = "edc-model-fields"
version = "1.0.0"
source = { registry = "https://pypi.org/simple" }
sdist = { url = "https://files.pythonhosted.org/packages/1b/a1/50ce9748278ff556cb9a2c5e25a308f22cc96ef79f4f5d75c6edb85160cc/edc_model_fields-1.0.0.tar.gz", hash = "sha256:906da1a96178a34c0544941cabba96a506f06eda804b81e6ebd489fbb8f1f144", size = 40357, upload-time = "2025-01-21T16:42:37.431Z" }
wheels = [
    { url = "https://files.pythonhosted.org/packages/0f/19/2e3708648aec69079709f2d38573b6097c7a3dcd7a212e769801c614fb1b/edc_model_fields-1.0.0-py3-none-any.whl", hash = "sha256:e977a5fde96b60d6f585fa29298bb66cd5e2f835a95abccca7f51029384a445d", size = 40611, upload-time = "2025-01-21T16:42:35.529Z" },
]

[[package]]
name = "edc-test-settings"
version = "1.1.2"
source = { registry = "https://pypi.org/simple" }
sdist = { url = "https://files.pythonhosted.org/packages/b9/b2/3fb900f0deb5b4e206b879e4d61507e9ee9980ac2544c1ac6332fb8d7ac0/edc_test_settings-1.1.2.tar.gz", hash = "sha256:472feaee3cb6db212a257aea6dfa4cf0243ca0b6e0531c3e464c8e4aba5544f9", size = 21476, upload-time = "2025-07-21T16:11:07.269Z" }
wheels = [
    { url = "https://files.pythonhosted.org/packages/78/f8/68ba3dafea23a7f2d3a06adb01142ef8237bf306f2ee2db89d9d574a3453/edc_test_settings-1.1.2-py3-none-any.whl", hash = "sha256:60c7aa38af6ad2dae28029f5ef5f9399f094be830a1c647c2e146f779fa236dc", size = 19491, upload-time = "2025-07-21T16:11:06.141Z" },
]

[[package]]
name = "edc-utils"
version = "1.1.1"
source = { registry = "https://pypi.org/simple" }
dependencies = [
    { name = "python-dateutil" },
]
sdist = { url = "https://files.pythonhosted.org/packages/97/e3/3acedaf7b99b5afe2c6f71889e4397febc5317f8d048e2ab2fbb971592bd/edc_utils-1.1.1.tar.gz", hash = "sha256:b68acaef4276c529d127edfabc401fe5788cf4017e539e3164a80f26fff9df96", size = 34611, upload-time = "2025-07-15T14:58:48.794Z" }
wheels = [
    { url = "https://files.pythonhosted.org/packages/ef/06/c0afced8d415b56824233a37bd135b596261588e1f9b6d019dc9b118d852/edc_utils-1.1.1-py3-none-any.whl", hash = "sha256:5f5a028f3dc995414a84e137be9978db0b20b9cdb1352563db8bc3b2e206ba0c", size = 35830, upload-time = "2025-07-15T14:58:47.473Z" },
]

[[package]]
name = "filelock"
version = "3.18.0"
source = { registry = "https://pypi.org/simple" }
sdist = { url = "https://files.pythonhosted.org/packages/0a/10/c23352565a6544bdc5353e0b15fc1c563352101f30e24bf500207a54df9a/filelock-3.18.0.tar.gz", hash = "sha256:adbc88eabb99d2fec8c9c1b229b171f18afa655400173ddc653d5d01501fb9f2", size = 18075, upload-time = "2025-03-14T07:11:40.47Z" }
wheels = [
    { url = "https://files.pythonhosted.org/packages/4d/36/2a115987e2d8c300a974597416d9de88f2444426de9571f4b59b2cca3acc/filelock-3.18.0-py3-none-any.whl", hash = "sha256:c401f4f8377c4464e6db25fff06205fd89bdd83b65eb0488ed1b160f780e21de", size = 16215, upload-time = "2025-03-14T07:11:39.145Z" },
]

[[package]]
name = "gitdb"
version = "4.0.12"
source = { registry = "https://pypi.org/simple" }
dependencies = [
    { name = "smmap" },
]
sdist = { url = "https://files.pythonhosted.org/packages/72/94/63b0fc47eb32792c7ba1fe1b694daec9a63620db1e313033d18140c2320a/gitdb-4.0.12.tar.gz", hash = "sha256:5ef71f855d191a3326fcfbc0d5da835f26b13fbcba60c32c21091c349ffdb571", size = 394684, upload-time = "2025-01-02T07:20:46.413Z" }
wheels = [
    { url = "https://files.pythonhosted.org/packages/a0/61/5c78b91c3143ed5c14207f463aecfc8f9dbb5092fb2869baf37c273b2705/gitdb-4.0.12-py3-none-any.whl", hash = "sha256:67073e15955400952c6565cc3e707c554a4eea2e428946f7a4c162fab9bd9bcf", size = 62794, upload-time = "2025-01-02T07:20:43.624Z" },
]

[[package]]
name = "gitpython"
version = "3.1.45"
source = { registry = "https://pypi.org/simple" }
dependencies = [
    { name = "gitdb" },
]
sdist = { url = "https://files.pythonhosted.org/packages/9a/c8/dd58967d119baab745caec2f9d853297cec1989ec1d63f677d3880632b88/gitpython-3.1.45.tar.gz", hash = "sha256:85b0ee964ceddf211c41b9f27a49086010a190fd8132a24e21f362a4b36a791c", size = 215076, upload-time = "2025-07-24T03:45:54.871Z" }
wheels = [
    { url = "https://files.pythonhosted.org/packages/01/61/d4b89fec821f72385526e1b9d9a3a0385dda4a72b206d28049e2c7cd39b8/gitpython-3.1.45-py3-none-any.whl", hash = "sha256:8908cb2e02fb3b93b7eb0f2827125cb699869470432cc885f019b8fd0fccff77", size = 208168, upload-time = "2025-07-24T03:45:52.517Z" },
]

[[package]]
name = "packaging"
version = "25.0"
source = { registry = "https://pypi.org/simple" }
sdist = { url = "https://files.pythonhosted.org/packages/a1/d4/1fc4078c65507b51b96ca8f8c3ba19e6a61c8253c72794544580a7b6c24d/packaging-25.0.tar.gz", hash = "sha256:d443872c98d677bf60f6a1f2f8c1cb748e8fe762d2bf9d3148b5599295b0fc4f", size = 165727, upload-time = "2025-04-19T11:48:59.673Z" }
wheels = [
    { url = "https://files.pythonhosted.org/packages/20/12/38679034af332785aac8774540895e234f4d07f7545804097de4b666afd8/packaging-25.0-py3-none-any.whl", hash = "sha256:29572ef2b1f17581046b3a2227d5c611fb25ec70ca1ba8554b24b0e69331a484", size = 66469, upload-time = "2025-04-19T11:48:57.875Z" },
]

[[package]]
name = "platformdirs"
version = "4.3.8"
source = { registry = "https://pypi.org/simple" }
sdist = { url = "https://files.pythonhosted.org/packages/fe/8b/3c73abc9c759ecd3f1f7ceff6685840859e8070c4d947c93fae71f6a0bf2/platformdirs-4.3.8.tar.gz", hash = "sha256:3d512d96e16bcb959a814c9f348431070822a6496326a4be0911c40b5a74c2bc", size = 21362, upload-time = "2025-05-07T22:47:42.121Z" }
wheels = [
    { url = "https://files.pythonhosted.org/packages/fe/39/979e8e21520d4e47a0bbe349e2713c0aac6f3d853d0e5b34d76206c439aa/platformdirs-4.3.8-py3-none-any.whl", hash = "sha256:ff7059bb7eb1179e2685604f4aaf157cfd9535242bd23742eadc3c13542139b4", size = 18567, upload-time = "2025-05-07T22:47:40.376Z" },
]

[[package]]
name = "pluggy"
version = "1.6.0"
source = { registry = "https://pypi.org/simple" }
sdist = { url = "https://files.pythonhosted.org/packages/f9/e2/3e91f31a7d2b083fe6ef3fa267035b518369d9511ffab804f839851d2779/pluggy-1.6.0.tar.gz", hash = "sha256:7dcc130b76258d33b90f61b658791dede3486c3e6bfb003ee5c9bfb396dd22f3", size = 69412, upload-time = "2025-05-15T12:30:07.975Z" }
wheels = [
    { url = "https://files.pythonhosted.org/packages/54/20/4d324d65cc6d9205fabedc306948156824eb9f0ee1633355a8f7ec5c66bf/pluggy-1.6.0-py3-none-any.whl", hash = "sha256:e920276dd6813095e9377c0bc5566d94c932c33b27a3e3945d8389c374dd4746", size = 20538, upload-time = "2025-05-15T12:30:06.134Z" },
]

[[package]]
name = "pycryptodomex"
version = "3.23.0"
source = { registry = "https://pypi.org/simple" }
sdist = { url = "https://files.pythonhosted.org/packages/c9/85/e24bf90972a30b0fcd16c73009add1d7d7cd9140c2498a68252028899e41/pycryptodomex-3.23.0.tar.gz", hash = "sha256:71909758f010c82bc99b0abf4ea12012c98962fbf0583c2164f8b84533c2e4da", size = 4922157, upload-time = "2025-05-17T17:23:41.434Z" }
wheels = [
    { url = "https://files.pythonhosted.org/packages/2e/00/10edb04777069a42490a38c137099d4b17ba6e36a4e6e28bdc7470e9e853/pycryptodomex-3.23.0-cp313-cp313t-macosx_10_13_universal2.whl", hash = "sha256:7b37e08e3871efe2187bc1fd9320cc81d87caf19816c648f24443483005ff886", size = 2498764, upload-time = "2025-05-17T17:22:21.453Z" },
    { url = "https://files.pythonhosted.org/packages/6b/3f/2872a9c2d3a27eac094f9ceaa5a8a483b774ae69018040ea3240d5b11154/pycryptodomex-3.23.0-cp313-cp313t-macosx_10_13_x86_64.whl", hash = "sha256:91979028227543010d7b2ba2471cf1d1e398b3f183cb105ac584df0c36dac28d", size = 1643012, upload-time = "2025-05-17T17:22:23.702Z" },
    { url = "https://files.pythonhosted.org/packages/70/af/774c2e2b4f6570fbf6a4972161adbb183aeeaa1863bde31e8706f123bf92/pycryptodomex-3.23.0-cp313-cp313t-manylinux_2_17_aarch64.manylinux2014_aarch64.whl", hash = "sha256:6b8962204c47464d5c1c4038abeadd4514a133b28748bcd9fa5b6d62e3cec6fa", size = 2187643, upload-time = "2025-05-17T17:22:26.37Z" },
    { url = "https://files.pythonhosted.org/packages/de/a3/71065b24cb889d537954cedc3ae5466af00a2cabcff8e29b73be047e9a19/pycryptodomex-3.23.0-cp313-cp313t-manylinux_2_17_x86_64.manylinux2014_x86_64.whl", hash = "sha256:a33986a0066860f7fcf7c7bd2bc804fa90e434183645595ae7b33d01f3c91ed8", size = 2273762, upload-time = "2025-05-17T17:22:28.313Z" },
    { url = "https://files.pythonhosted.org/packages/c9/0b/ff6f43b7fbef4d302c8b981fe58467b8871902cdc3eb28896b52421422cc/pycryptodomex-3.23.0-cp313-cp313t-manylinux_2_5_i686.manylinux1_i686.manylinux_2_17_i686.manylinux2014_i686.whl", hash = "sha256:c7947ab8d589e3178da3d7cdeabe14f841b391e17046954f2fbcd941705762b5", size = 2313012, upload-time = "2025-05-17T17:22:30.57Z" },
    { url = "https://files.pythonhosted.org/packages/02/de/9d4772c0506ab6da10b41159493657105d3f8bb5c53615d19452afc6b315/pycryptodomex-3.23.0-cp313-cp313t-musllinux_1_2_aarch64.whl", hash = "sha256:c25e30a20e1b426e1f0fa00131c516f16e474204eee1139d1603e132acffc314", size = 2186856, upload-time = "2025-05-17T17:22:32.819Z" },
    { url = "https://files.pythonhosted.org/packages/28/ad/8b30efcd6341707a234e5eba5493700a17852ca1ac7a75daa7945fcf6427/pycryptodomex-3.23.0-cp313-cp313t-musllinux_1_2_i686.whl", hash = "sha256:da4fa650cef02db88c2b98acc5434461e027dce0ae8c22dd5a69013eaf510006", size = 2347523, upload-time = "2025-05-17T17:22:35.386Z" },
    { url = "https://files.pythonhosted.org/packages/0f/02/16868e9f655b7670dbb0ac4f2844145cbc42251f916fc35c414ad2359849/pycryptodomex-3.23.0-cp313-cp313t-musllinux_1_2_x86_64.whl", hash = "sha256:58b851b9effd0d072d4ca2e4542bf2a4abcf13c82a29fd2c93ce27ee2a2e9462", size = 2272825, upload-time = "2025-05-17T17:22:37.632Z" },
    { url = "https://files.pythonhosted.org/packages/ca/18/4ca89ac737230b52ac8ffaca42f9c6f1fd07c81a6cd821e91af79db60632/pycryptodomex-3.23.0-cp313-cp313t-win32.whl", hash = "sha256:a9d446e844f08299236780f2efa9898c818fe7e02f17263866b8550c7d5fb328", size = 1772078, upload-time = "2025-05-17T17:22:40Z" },
    { url = "https://files.pythonhosted.org/packages/73/34/13e01c322db027682e00986873eca803f11c56ade9ba5bbf3225841ea2d4/pycryptodomex-3.23.0-cp313-cp313t-win_amd64.whl", hash = "sha256:bc65bdd9fc8de7a35a74cab1c898cab391a4add33a8fe740bda00f5976ca4708", size = 1803656, upload-time = "2025-05-17T17:22:42.139Z" },
    { url = "https://files.pythonhosted.org/packages/54/68/9504c8796b1805d58f4425002bcca20f12880e6fa4dc2fc9a668705c7a08/pycryptodomex-3.23.0-cp313-cp313t-win_arm64.whl", hash = "sha256:c885da45e70139464f082018ac527fdaad26f1657a99ee13eecdce0f0ca24ab4", size = 1707172, upload-time = "2025-05-17T17:22:44.704Z" },
    { url = "https://files.pythonhosted.org/packages/dd/9c/1a8f35daa39784ed8adf93a694e7e5dc15c23c741bbda06e1d45f8979e9e/pycryptodomex-3.23.0-cp37-abi3-macosx_10_9_universal2.whl", hash = "sha256:06698f957fe1ab229a99ba2defeeae1c09af185baa909a31a5d1f9d42b1aaed6", size = 2499240, upload-time = "2025-05-17T17:22:46.953Z" },
    { url = "https://files.pythonhosted.org/packages/7a/62/f5221a191a97157d240cf6643747558759126c76ee92f29a3f4aee3197a5/pycryptodomex-3.23.0-cp37-abi3-macosx_10_9_x86_64.whl", hash = "sha256:b2c2537863eccef2d41061e82a881dcabb04944c5c06c5aa7110b577cc487545", size = 1644042, upload-time = "2025-05-17T17:22:49.098Z" },
    { url = "https://files.pythonhosted.org/packages/8c/fd/5a054543c8988d4ed7b612721d7e78a4b9bf36bc3c5ad45ef45c22d0060e/pycryptodomex-3.23.0-cp37-abi3-manylinux_2_17_aarch64.manylinux2014_aarch64.whl", hash = "sha256:43c446e2ba8df8889e0e16f02211c25b4934898384c1ec1ec04d7889c0333587", size = 2186227, upload-time = "2025-05-17T17:22:51.139Z" },
    { url = "https://files.pythonhosted.org/packages/c8/a9/8862616a85cf450d2822dbd4fff1fcaba90877907a6ff5bc2672cafe42f8/pycryptodomex-3.23.0-cp37-abi3-manylinux_2_17_x86_64.manylinux2014_x86_64.whl", hash = "sha256:f489c4765093fb60e2edafdf223397bc716491b2b69fe74367b70d6999257a5c", size = 2272578, upload-time = "2025-05-17T17:22:53.676Z" },
    { url = "https://files.pythonhosted.org/packages/46/9f/bda9c49a7c1842820de674ab36c79f4fbeeee03f8ff0e4f3546c3889076b/pycryptodomex-3.23.0-cp37-abi3-manylinux_2_5_i686.manylinux1_i686.manylinux_2_17_i686.manylinux2014_i686.whl", hash = "sha256:bdc69d0d3d989a1029df0eed67cc5e8e5d968f3724f4519bd03e0ec68df7543c", size = 2312166, upload-time = "2025-05-17T17:22:56.585Z" },
    { url = "https://files.pythonhosted.org/packages/03/cc/870b9bf8ca92866ca0186534801cf8d20554ad2a76ca959538041b7a7cf4/pycryptodomex-3.23.0-cp37-abi3-musllinux_1_2_aarch64.whl", hash = "sha256:6bbcb1dd0f646484939e142462d9e532482bc74475cecf9c4903d4e1cd21f003", size = 2185467, upload-time = "2025-05-17T17:22:59.237Z" },
    { url = "https://files.pythonhosted.org/packages/96/e3/ce9348236d8e669fea5dd82a90e86be48b9c341210f44e25443162aba187/pycryptodomex-3.23.0-cp37-abi3-musllinux_1_2_i686.whl", hash = "sha256:8a4fcd42ccb04c31268d1efeecfccfd1249612b4de6374205376b8f280321744", size = 2346104, upload-time = "2025-05-17T17:23:02.112Z" },
    { url = "https://files.pythonhosted.org/packages/a5/e9/e869bcee87beb89040263c416a8a50204f7f7a83ac11897646c9e71e0daf/pycryptodomex-3.23.0-cp37-abi3-musllinux_1_2_x86_64.whl", hash = "sha256:55ccbe27f049743a4caf4f4221b166560d3438d0b1e5ab929e07ae1702a4d6fd", size = 2271038, upload-time = "2025-05-17T17:23:04.872Z" },
    { url = "https://files.pythonhosted.org/packages/8d/67/09ee8500dd22614af5fbaa51a4aee6e342b5fa8aecf0a6cb9cbf52fa6d45/pycryptodomex-3.23.0-cp37-abi3-win32.whl", hash = "sha256:189afbc87f0b9f158386bf051f720e20fa6145975f1e76369303d0f31d1a8d7c", size = 1771969, upload-time = "2025-05-17T17:23:07.115Z" },
    { url = "https://files.pythonhosted.org/packages/69/96/11f36f71a865dd6df03716d33bd07a67e9d20f6b8d39820470b766af323c/pycryptodomex-3.23.0-cp37-abi3-win_amd64.whl", hash = "sha256:52e5ca58c3a0b0bd5e100a9fbc8015059b05cffc6c66ce9d98b4b45e023443b9", size = 1803124, upload-time = "2025-05-17T17:23:09.267Z" },
    { url = "https://files.pythonhosted.org/packages/f9/93/45c1cdcbeb182ccd2e144c693eaa097763b08b38cded279f0053ed53c553/pycryptodomex-3.23.0-cp37-abi3-win_arm64.whl", hash = "sha256:02d87b80778c171445d67e23d1caef279bf4b25c3597050ccd2e13970b57fd51", size = 1707161, upload-time = "2025-05-17T17:23:11.414Z" },
]

[[package]]
name = "pyproject-api"
version = "1.9.1"
source = { registry = "https://pypi.org/simple" }
dependencies = [
    { name = "packaging" },
]
sdist = { url = "https://files.pythonhosted.org/packages/19/fd/437901c891f58a7b9096511750247535e891d2d5a5a6eefbc9386a2b41d5/pyproject_api-1.9.1.tar.gz", hash = "sha256:43c9918f49daab37e302038fc1aed54a8c7a91a9fa935d00b9a485f37e0f5335", size = 22710, upload-time = "2025-05-12T14:41:58.025Z" }
wheels = [
    { url = "https://files.pythonhosted.org/packages/ef/e6/c293c06695d4a3ab0260ef124a74ebadba5f4c511ce3a4259e976902c00b/pyproject_api-1.9.1-py3-none-any.whl", hash = "sha256:7d6238d92f8962773dd75b5f0c4a6a27cce092a14b623b811dba656f3b628948", size = 13158, upload-time = "2025-05-12T14:41:56.217Z" },
]

[[package]]
name = "python-dateutil"
version = "2.9.0.post0"
source = { registry = "https://pypi.org/simple" }
dependencies = [
    { name = "six" },
]
sdist = { url = "https://files.pythonhosted.org/packages/66/c0/0c8b6ad9f17a802ee498c46e004a0eb49bc148f2fd230864601a86dcf6db/python-dateutil-2.9.0.post0.tar.gz", hash = "sha256:37dd54208da7e1cd875388217d5e00ebd4179249f90fb72437e91a35459a0ad3", size = 342432, upload-time = "2024-03-01T18:36:20.211Z" }
wheels = [
    { url = "https://files.pythonhosted.org/packages/ec/57/56b9bcc3c9c6a792fcbaf139543cee77261f3651ca9da0c93f5c1221264b/python_dateutil-2.9.0.post0-py2.py3-none-any.whl", hash = "sha256:a8b2bc7bffae282281c8140a97d3aa9c14da0b136dfe83f850eea9a5f7470427", size = 229892, upload-time = "2024-03-01T18:36:18.57Z" },
]

[[package]]
name = "six"
version = "1.17.0"
source = { registry = "https://pypi.org/simple" }
sdist = { url = "https://files.pythonhosted.org/packages/94/e7/b2c673351809dca68a0e064b6af791aa332cf192da575fd474ed7d6f16a2/six-1.17.0.tar.gz", hash = "sha256:ff70335d468e7eb6ec65b95b99d3a2836546063f63acc5171de367e834932a81", size = 34031, upload-time = "2024-12-04T17:35:28.174Z" }
wheels = [
    { url = "https://files.pythonhosted.org/packages/b7/ce/149a00dd41f10bc29e5921b496af8b574d8413afcd5e30dfa0ed46c2cc5e/six-1.17.0-py2.py3-none-any.whl", hash = "sha256:4721f391ed90541fddacab5acf947aa0d3dc7d27b2e1e8eda2be8970586c3274", size = 11050, upload-time = "2024-12-04T17:35:26.475Z" },
]

[[package]]
name = "smmap"
version = "5.0.2"
source = { registry = "https://pypi.org/simple" }
sdist = { url = "https://files.pythonhosted.org/packages/44/cd/a040c4b3119bbe532e5b0732286f805445375489fceaec1f48306068ee3b/smmap-5.0.2.tar.gz", hash = "sha256:26ea65a03958fa0c8a1c7e8c7a58fdc77221b8910f6be2131affade476898ad5", size = 22329, upload-time = "2025-01-02T07:14:40.909Z" }
wheels = [
    { url = "https://files.pythonhosted.org/packages/04/be/d09147ad1ec7934636ad912901c5fd7667e1c858e19d355237db0d0cd5e4/smmap-5.0.2-py3-none-any.whl", hash = "sha256:b30115f0def7d7531d22a0fb6502488d879e75b260a9db4d0819cfb25403af5e", size = 24303, upload-time = "2025-01-02T07:14:38.724Z" },
]

[[package]]
name = "sqlparse"
version = "0.5.3"
source = { registry = "https://pypi.org/simple" }
sdist = { url = "https://files.pythonhosted.org/packages/e5/40/edede8dd6977b0d3da179a342c198ed100dd2aba4be081861ee5911e4da4/sqlparse-0.5.3.tar.gz", hash = "sha256:09f67787f56a0b16ecdbde1bfc7f5d9c3371ca683cfeaa8e6ff60b4807ec9272", size = 84999, upload-time = "2024-12-10T12:05:30.728Z" }
wheels = [
    { url = "https://files.pythonhosted.org/packages/a9/5c/bfd6bd0bf979426d405cc6e71eceb8701b148b16c21d2dc3c261efc61c7b/sqlparse-0.5.3-py3-none-any.whl", hash = "sha256:cf2196ed3418f3ba5de6af7e82c694a9fbdbfecccdfc72e281548517081f16ca", size = 44415, upload-time = "2024-12-10T12:05:27.824Z" },
]

[[package]]
name = "tox"
version = "4.28.4"
source = { registry = "https://pypi.org/simple" }
dependencies = [
    { name = "cachetools" },
    { name = "chardet" },
    { name = "colorama" },
    { name = "filelock" },
    { name = "packaging" },
    { name = "platformdirs" },
    { name = "pluggy" },
    { name = "pyproject-api" },
    { name = "virtualenv" },
]
sdist = { url = "https://files.pythonhosted.org/packages/cf/01/321c98e3cc584fd101d869c85be2a8236a41a84842bc6af5c078b10c2126/tox-4.28.4.tar.gz", hash = "sha256:b5b14c6307bd8994ff1eba5074275826620325ee1a4f61316959d562bfd70b9d", size = 199692, upload-time = "2025-07-31T21:20:26.6Z" }
wheels = [
    { url = "https://files.pythonhosted.org/packages/fe/54/564a33093e41a585e2e997220986182c037bc998abf03a0eb4a7a67c4eff/tox-4.28.4-py3-none-any.whl", hash = "sha256:8d4ad9ee916ebbb59272bb045e154a10fa12e3bbdcf94cc5185cbdaf9b241f99", size = 174058, upload-time = "2025-07-31T21:20:24.836Z" },
]

[[package]]
name = "tox-uv"
version = "1.26.2"
source = { registry = "https://pypi.org/simple" }
dependencies = [
    { name = "packaging" },
    { name = "tox" },
    { name = "uv" },
]
sdist = { url = "https://files.pythonhosted.org/packages/7e/31/2c02a8b4d85d3538d6e9a7aa55dfaf3ea372b2007496b9235047e18c0953/tox_uv-1.26.2.tar.gz", hash = "sha256:5270d5d49e26c1303d902b90d6143a593b43ae148ccc5107251b79bf5bd4fefd", size = 21895, upload-time = "2025-07-21T17:03:39.196Z" }
wheels = [
    { url = "https://files.pythonhosted.org/packages/73/c9/354b2a28112ce9619616f09a3e8363dae01f9a4c5a2716fa92bcfcf6ccc5/tox_uv-1.26.2-py3-none-any.whl", hash = "sha256:f95c8635b6e046534faf4de88f46c46ac0d644f2dbe0104fc6adac637e0d44b6", size = 16666, upload-time = "2025-07-21T17:03:38.037Z" },
]

[[package]]
name = "tzdata"
version = "2025.2"
source = { registry = "https://pypi.org/simple" }
sdist = { url = "https://files.pythonhosted.org/packages/95/32/1a225d6164441be760d75c2c42e2780dc0873fe382da3e98a2e1e48361e5/tzdata-2025.2.tar.gz", hash = "sha256:b60a638fcc0daffadf82fe0f57e53d06bdec2f36c4df66280ae79bce6bd6f2b9", size = 196380, upload-time = "2025-03-23T13:54:43.652Z" }
wheels = [
    { url = "https://files.pythonhosted.org/packages/5c/23/c7abc0ca0a1526a0774eca151daeb8de62ec457e77262b66b359c3c7679e/tzdata-2025.2-py2.py3-none-any.whl", hash = "sha256:1a403fada01ff9221ca8044d701868fa132215d84beb92242d9acd2147f667a8", size = 347839, upload-time = "2025-03-23T13:54:41.845Z" },
]

[[package]]
name = "uv"
version = "0.8.4"
source = { registry = "https://pypi.org/simple" }
sdist = { url = "https://files.pythonhosted.org/packages/71/05/779581d8e5cd8d12dc3e2297280a03293f7b465bb5f53308479e508c5c44/uv-0.8.4.tar.gz", hash = "sha256:2ab21c32a28dbe434c9074f899ed8084955f7b09ac5e7ffac548d3454f77516f", size = 3442716, upload-time = "2025-07-30T17:10:56.404Z" }
wheels = [
    { url = "https://files.pythonhosted.org/packages/96/10/4d52b081defca3cfb4a11d6af3af4314fe7f289ba19e40d6cfab778f9257/uv-0.8.4-py3-none-linux_armv6l.whl", hash = "sha256:f9a5da616ca0d2bbe79367db9cf339cbaf1affee5d6b130a3be2779a917c14fa", size = 18077025, upload-time = "2025-07-30T17:10:13.016Z" },
    { url = "https://files.pythonhosted.org/packages/36/fa/7847373d214de987e96ef6b820a4ed2fa5e1c392ecc73cd53e94013d6074/uv-0.8.4-py3-none-macosx_10_12_x86_64.whl", hash = "sha256:4d8422b3058998d87fee46d4d1a437e202407cafca8b8ac69e01c6479fbe0271", size = 18143542, upload-time = "2025-07-30T17:10:18.006Z" },
    { url = "https://files.pythonhosted.org/packages/16/39/7d4b68132868c550ae97c3b2c348c55db47a987dff05ab0e5f577bf0e197/uv-0.8.4-py3-none-macosx_11_0_arm64.whl", hash = "sha256:edc813645348665a3b4716a7d5e961cf7c8d1d3bfb9d907a4f18cf87c712a430", size = 16860749, upload-time = "2025-07-30T17:10:20.417Z" },
    { url = "https://files.pythonhosted.org/packages/e3/8f/f703e4ba41aae195d4958b701c2ee6cdbbbb8cdccb082845d6abfe834cf9/uv-0.8.4-py3-none-manylinux_2_17_aarch64.manylinux2014_aarch64.musllinux_1_1_aarch64.whl", hash = "sha256:c2323e915ae562db4ebcdf5e20d3dd37a14959d07cc54939d86ab0dcdbf08f58", size = 17469507, upload-time = "2025-07-30T17:10:22.779Z" },
    { url = "https://files.pythonhosted.org/packages/59/f8/9366ceeb63f9dd6aa11375047762c1033d36521722e748b65a24e435f459/uv-0.8.4-py3-none-manylinux_2_17_armv7l.manylinux2014_armv7l.whl", hash = "sha256:96d7a68c360383d638c283811d57558fbf7b5f769ff4bdbc99ee2a3bf9a6e574", size = 17766700, upload-time = "2025-07-30T17:10:24.903Z" },
    { url = "https://files.pythonhosted.org/packages/f2/e3/190eb0ca91b8a0e5f80f93aeb7924b12be89656066170d6e1244e90c5e80/uv-0.8.4-py3-none-manylinux_2_17_i686.manylinux2014_i686.whl", hash = "sha256:385dec5a0c0909d5a24af5b02db24b49b025cbed59c6225e4c794ff40069d9aa", size = 18432996, upload-time = "2025-07-30T17:10:27.239Z" },
    { url = "https://files.pythonhosted.org/packages/ab/f6/b5fc5fe6e93e0294cbd8ba228d10b12e46a5e27b143565e868da758e0209/uv-0.8.4-py3-none-manylinux_2_17_ppc64.manylinux2014_ppc64.whl", hash = "sha256:b2230310ca303328c9fd351044fb81349f3ccfaa2863f135d37bfcee707adfd1", size = 19842168, upload-time = "2025-07-30T17:10:29.958Z" },
    { url = "https://files.pythonhosted.org/packages/f5/f0/d01779df4ac2ae39bf440c97f53346f1b9eef17cc84a45ed66206e348650/uv-0.8.4-py3-none-manylinux_2_17_ppc64le.manylinux2014_ppc64le.whl", hash = "sha256:86d64c66993eb0d9821caea27920175a27cd24df1eba8a340d8b3ae4074fac77", size = 19497445, upload-time = "2025-07-30T17:10:32.064Z" },
    { url = "https://files.pythonhosted.org/packages/80/ca/48c78393cb3a73940e768b74f74c30ca7719de6f83457a125b9cfa0c37e0/uv-0.8.4-py3-none-manylinux_2_17_s390x.manylinux2014_s390x.whl", hash = "sha256:624cf5b7bdc5cc0253115fefaad40008205d4acf34b77b294479dfe4eacb9697", size = 18852025, upload-time = "2025-07-30T17:10:34.34Z" },
    { url = "https://files.pythonhosted.org/packages/42/e2/5cf11c85fb48276b49979ea06e92c1e95524e1e4c5bccbd591a334c8de68/uv-0.8.4-py3-none-manylinux_2_17_x86_64.manylinux2014_x86_64.whl", hash = "sha256:f9cd287982f62419f98ca7182fbbc2fd0fad1a04008b956a88eb85ce1d522611", size = 18806944, upload-time = "2025-07-30T17:10:36.819Z" },
    { url = "https://files.pythonhosted.org/packages/1c/b1/773dcd5ef4947a5bd7c183f1cc8afb9e761488ff1b48b46cb0d95bc5c8cf/uv-0.8.4-py3-none-manylinux_2_28_aarch64.whl", hash = "sha256:e6fa3754a2b965dceecfce8c38cacf7cd6b76a2787b9e189cf33acdb64a7472a", size = 17706599, upload-time = "2025-07-30T17:10:38.976Z" },
    { url = "https://files.pythonhosted.org/packages/e6/8f/20dcb6aaa9c9d7e16320b5143b1fdaa5fd1ebc42a99e2d5f4283aafc59f1/uv-0.8.4-py3-none-manylinux_2_31_riscv64.whl", hash = "sha256:9f2a7042553e85c66884a6a3c1b88e116bc5fe5e5d1c9b62f025b1de41534734", size = 18564686, upload-time = "2025-07-30T17:10:41.163Z" },
    { url = "https://files.pythonhosted.org/packages/8a/19/9f9df99259d6725fc269d5394606919f32c3e0d21f486277c040cb7c5dad/uv-0.8.4-py3-none-musllinux_1_1_armv7l.whl", hash = "sha256:2c80470d7253bd26c5990f4914cfddc68a6bb4da7c7da316a29e99feafe272a1", size = 17722213, upload-time = "2025-07-30T17:10:43.354Z" },
    { url = "https://files.pythonhosted.org/packages/00/f4/358576eea98eb4ba58135690a60f8052dbd8b50173a5c0e93e59c8797c2c/uv-0.8.4-py3-none-musllinux_1_1_i686.whl", hash = "sha256:b90eb86019ff92922dea54b8772074909ce7ab3359b2e8f8f3fe4d0658d3a898", size = 17997363, upload-time = "2025-07-30T17:10:45.631Z" },
    { url = "https://files.pythonhosted.org/packages/51/0f/9e5ff7d73846d8c924a5ef262dee247b453b7b2bd2ba5db1a819c72bd176/uv-0.8.4-py3-none-musllinux_1_1_x86_64.whl", hash = "sha256:cad63a02a735ba591679d713376767fc7649ad1e7097a95d0d267a68c2e803fc", size = 18954586, upload-time = "2025-07-30T17:10:47.789Z" },
    { url = "https://files.pythonhosted.org/packages/3c/fa/58c416c634253bdd7ec50baa5d79010f887453425a62e6a23f9668a75305/uv-0.8.4-py3-none-win32.whl", hash = "sha256:b83cd9eeb4c63ab69c6e8d0e26e57b5a9a8b1dca4015f4ddf088ed4a234e7018", size = 17907610, upload-time = "2025-07-30T17:10:49.966Z" },
    { url = "https://files.pythonhosted.org/packages/76/8e/2d6f5bce0f41074122caed1672f90f7ed5df2bd9827c8723c73a657bea7b/uv-0.8.4-py3-none-win_amd64.whl", hash = "sha256:ad056c8f6568d9f495e402753e79a092f28d513e6b5146d1c8dc2bdea668adb1", size = 19704945, upload-time = "2025-07-30T17:10:52.145Z" },
    { url = "https://files.pythonhosted.org/packages/58/de/196e862af4c3b2ff8cb4a7a3ad38ecf0306fa87d03ec9275f16e2f5dc416/uv-0.8.4-py3-none-win_arm64.whl", hash = "sha256:41f3a22550811bf7a0980b3d4dfce09e2c93aec7c42c92313ae3d3d0b97e1054", size = 18316402, upload-time = "2025-07-30T17:10:54.507Z" },
]

[[package]]
name = "virtualenv"
version = "20.33.0"
source = { registry = "https://pypi.org/simple" }
dependencies = [
    { name = "distlib" },
    { name = "filelock" },
    { name = "platformdirs" },
]
sdist = { url = "https://files.pythonhosted.org/packages/db/2e/8a70dcbe8bf15213a08f9b0325ede04faca5d362922ae0d62ef0fa4b069d/virtualenv-20.33.0.tar.gz", hash = "sha256:47e0c0d2ef1801fce721708ccdf2a28b9403fa2307c3268aebd03225976f61d2", size = 6082069, upload-time = "2025-08-03T08:09:19.014Z" }
wheels = [
    { url = "https://files.pythonhosted.org/packages/43/87/b22cf40cdf7e2b2bf83f38a94d2c90c5ad6c304896e5a12d0c08a602eb59/virtualenv-20.33.0-py3-none-any.whl", hash = "sha256:106b6baa8ab1b526d5a9b71165c85c456fbd49b16976c88e2bc9352ee3bc5d3f", size = 6060205, upload-time = "2025-08-03T08:09:16.674Z" },
]
